Microsoft Visual Studio Solution File, Format Version 12.00
# Visual Studio Version 17
VisualStudioVersion = 17.0.31903.59
MinimumVisualStudioVersion = 10.0.40219.1
Project("{FAE04EC0-301F-11D3-BF4B-00C04F79EFBC}") = "Biblio_DOTNET", "Biblio_DOTNET.csproj", "{B8878B3F-2621-4E80-8777-B86D49138CA5}"
EndProject
Project("{FAE04EC0-301F-11D3-BF4B-00C04F79EFBC}") = "Biblio_DOTNET.Tests", "Biblio_DOTNET.Tests\Biblio_DOTNET.Tests.csproj", "{3B01A031-6BC0-4C9D-A3D9-92318BCDAF12}"
EndProject
Global
	GlobalSection(SolutionConfigurationPlatforms) = preSolution
		Debug|Any CPU = Debug|Any CPU
		Release|Any CPU = Release|Any CPU
	EndGlobalSection
	GlobalSection(ProjectConfigurationPlatforms) = postSolution
		{B8878B3F-2621-4E80-8777-B86D49138CA5}.Debug|Any CPU.ActiveCfg = Debug|Any CPU
		{B8878B3F-2621-4E80-8777-B86D49138CA5}.Debug|Any CPU.Build.0 = Debug|Any CPU
		{B8878B3F-2621-4E80-8777-B86D49138CA5}.Release|Any CPU.ActiveCfg = Release|Any CPU
		{B8878B3F-2621-4E80-8777-B86D49138CA5}.Release|Any CPU.Build.0 = Release|Any CPU
		{3B01A031-6BC0-4C9D-A3D9-92318BCDAF12}.Debug|Any CPU.ActiveCfg = Debug|Any CPU
		{3B01A031-6BC0-4C9D-A3D9-92318BCDAF12}.Debug|Any CPU.Build.0 = Debug|Any CPU
		{3B01A031-6BC0-4C9D-A3D9-92318BCDAF12}.Release|Any CPU.ActiveCfg = Release|Any CPU
		{3B01A031-6BC0-4C9D-A3D9-92318BCDAF12}.Release|Any CPU.Build.0 = Release|Any CPU
	EndGlobalSection
EndGlobal
